
Microsoft Visual Studio Solution File, Format Version 12.00
# Visual Studio Version 17
VisualStudioVersion = 17.4.33213.308
MinimumVisualStudioVersion = 10.0.40219.1
Project("{9A19103F-16F7-4668-BE54-9A1E7A4F7556}") = "ApiClient", "src\ApiClient\ApiClient.csproj", "{7AD92956-7298-491C-9270-8332FBC86267}"
EndProject
Project("{9A19103F-16F7-4668-BE54-9A1E7A4F7556}") = "ApiClient.Core", "src\ApiClient.Core\ApiClient.Core.csproj", "{A69B5A2A-49C3-4A64-AF17-8689B03291D8}"
EndProject
Project("{9A19103F-16F7-4668-BE54-9A1E7A4F7556}") = "ApiClient.Extensions", "src\ApiClient.Extensions\ApiClient.Extensions.csproj", "{DE38C0C4-3A23-4E36-9D1E-CE93E292C216}"
EndProject
Project("{9A19103F-16F7-4668-BE54-9A1E7A4F7556}") = "ApiClient.IntegrationTests", "tests\ApiClient.IntegrationTests\ApiClient.IntegrationTests.csproj", "{04B3C5DA-BEA6-4C8A-9FE4-BE9A086CF47E}"
EndProject
Project("{2150E333-8FDC-42A3-9474-1A3956D46DE8}") = "Solution Items", "Solution Items", "{ADEA91F7-921A-4DA1-A163-57C104986E88}"
	ProjectSection(SolutionItems) = preProject
		.env = .env
		.gitignore = .gitignore
		Directory.Build.props = Directory.Build.props
		docker-compose.yml = docker-compose.yml
		README.md = README.md
	EndProjectSection
EndProject
Project("{2150E333-8FDC-42A3-9474-1A3956D46DE8}") = "src", "src", "{29AE2822-A786-40DD-AA8F-DE8BB9C0D89A}"
EndProject
Project("{2150E333-8FDC-42A3-9474-1A3956D46DE8}") = "tests", "tests", "{DD203878-A2D1-4DE7-8381-F58468C92830}"
EndProject
Project("{FAE04EC0-301F-11D3-BF4B-00C04F79EFBC}") = "ApiClient.UnitTests", "tests\ApiClient.UnitTests\ApiClient.UnitTests.csproj", "{67CE0634-2AC2-4721-A0EA-E7E6AE210B1C}"
EndProject
Global
	GlobalSection(SolutionConfigurationPlatforms) = preSolution
		Debug|Any CPU = Debug|Any CPU
		Release|Any CPU = Release|Any CPU
	EndGlobalSection
	GlobalSection(ProjectConfigurationPlatforms) = postSolution
		{7AD92956-7298-491C-9270-8332FBC86267}.Debug|Any CPU.ActiveCfg = Debug|Any CPU
		{7AD92956-7298-491C-9270-8332FBC86267}.Debug|Any CPU.Build.0 = Debug|Any CPU
		{7AD92956-7298-491C-9270-8332FBC86267}.Release|Any CPU.ActiveCfg = Release|Any CPU
		{7AD92956-7298-491C-9270-8332FBC86267}.Release|Any CPU.Build.0 = Release|Any CPU
		{A69B5A2A-49C3-4A64-AF17-8689B03291D8}.Debug|Any CPU.ActiveCfg = Debug|Any CPU
		{A69B5A2A-49C3-4A64-AF17-8689B03291D8}.Debug|Any CPU.Build.0 = Debug|Any CPU
		{A69B5A2A-49C3-4A64-AF17-8689B03291D8}.Release|Any CPU.ActiveCfg = Release|Any CPU
		{A69B5A2A-49C3-4A64-AF17-8689B03291D8}.Release|Any CPU.Build.0 = Release|Any CPU
		{DE38C0C4-3A23-4E36-9D1E-CE93E292C216}.Debug|Any CPU.ActiveCfg = Debug|Any CPU
		{DE38C0C4-3A23-4E36-9D1E-CE93E292C216}.Debug|Any CPU.Build.0 = Debug|Any CPU
		{DE38C0C4-3A23-4E36-9D1E-CE93E292C216}.Release|Any CPU.ActiveCfg = Release|Any CPU
		{DE38C0C4-3A23-4E36-9D1E-CE93E292C216}.Release|Any CPU.Build.0 = Release|Any CPU
		{04B3C5DA-BEA6-4C8A-9FE4-BE9A086CF47E}.Debug|Any CPU.ActiveCfg = Debug|Any CPU
		{04B3C5DA-BEA6-4C8A-9FE4-BE9A086CF47E}.Debug|Any CPU.Build.0 = Debug|Any CPU
		{04B3C5DA-BEA6-4C8A-9FE4-BE9A086CF47E}.Release|Any CPU.ActiveCfg = Release|Any CPU
		{04B3C5DA-BEA6-4C8A-9FE4-BE9A086CF47E}.Release|Any CPU.Build.0 = Release|Any CPU
		{67CE0634-2AC2-4721-A0EA-E7E6AE210B1C}.Debug|Any CPU.ActiveCfg = Debug|Any CPU
		{67CE0634-2AC2-4721-A0EA-E7E6AE210B1C}.Debug|Any CPU.Build.0 = Debug|Any CPU
		{67CE0634-2AC2-4721-A0EA-E7E6AE210B1C}.Release|Any CPU.ActiveCfg = Release|Any CPU
		{67CE0634-2AC2-4721-A0EA-E7E6AE210B1C}.Release|Any CPU.Build.0 = Release|Any CPU
	EndGlobalSection
	GlobalSection(SolutionProperties) = preSolution
		HideSolutionNode = FALSE
	EndGlobalSection
	GlobalSection(NestedProjects) = preSolution
		{7AD92956-7298-491C-9270-8332FBC86267} = {29AE2822-A786-40DD-AA8F-DE8BB9C0D89A}
		{A69B5A2A-49C3-4A64-AF17-8689B03291D8} = {29AE2822-A786-40DD-AA8F-DE8BB9C0D89A}
		{DE38C0C4-3A23-4E36-9D1E-CE93E292C216} = {29AE2822-A786-40DD-AA8F-DE8BB9C0D89A}
		{04B3C5DA-BEA6-4C8A-9FE4-BE9A086CF47E} = {DD203878-A2D1-4DE7-8381-F58468C92830}
		{67CE0634-2AC2-4721-A0EA-E7E6AE210B1C} = {DD203878-A2D1-4DE7-8381-F58468C92830}
	EndGlobalSection
	GlobalSection(ExtensibilityGlobals) = postSolution
		SolutionGuid = {440ABB04-61F5-4D6C-8CA2-3EB0F4024BCA}
	EndGlobalSection
EndGlobal
